
Microsoft Visual Studio Solution File, Format Version 12.00
# Visual Studio 14
VisualStudioVersion = 14.0.25420.1
MinimumVisualStudioVersion = 10.0.40219.1
Project("{FAE04EC0-301F-11D3-BF4B-00C04F79EFBC}") = "T01", "T01\T01.csproj", "{78FBFEB7-8F76-4D9C-A890-9F04B36B6DC1}"
EndProject
Project("{FAE04EC0-301F-11D3-BF4B-00C04F79EFBC}") = "T02", "T02\T02.csproj", "{F1FF2D10-BF61-4070-AC7A-0EC04CBA123D}"
EndProject
Project("{FAE04EC0-301F-11D3-BF4B-00C04F79EFBC}") = "T03", "T03\T03.csproj", "{FFBF56F4-BA40-4878-9FF8-035B4C3230F9}"
EndProject
Project("{FAE04EC0-301F-11D3-BF4B-00C04F79EFBC}") = "T04", "T04\T04.csproj", "{CA15DA84-C9F0-4281-B3CB-9C98EF05C4A6}"
EndProject
Project("{FAE04EC0-301F-11D3-BF4B-00C04F79EFBC}") = "T05", "T05\T05.csproj", "{4502CD0D-24C4-456C-AB72-6479D2D35E16}"
EndProject
Project("{FAE04EC0-301F-11D3-BF4B-00C04F79EFBC}") = "T06", "T06\T06.csproj", "{D25A7CB8-919B-404D-B16A-D2A6AB8ADF1F}"
EndProject
Project("{FAE04EC0-301F-11D3-BF4B-00C04F79EFBC}") = "T07", "T07\T07.csproj", "{B68E005A-D8BA-452D-B7A0-F27BBBED60EE}"
EndProject
Project("{FAE04EC0-301F-11D3-BF4B-00C04F79EFBC}") = "T08", "T08\T08.csproj", "{CF8D84D4-62F6-43D6-97D7-7626B672C542}"
EndProject
Project("{FAE04EC0-301F-11D3-BF4B-00C04F79EFBC}") = "T09", "T09\T09.csproj", "{00ADE704-A50E-4370-BFE0-CC3D6A82C377}"
EndProject
Global
	GlobalSection(SolutionConfigurationPlatforms) = preSolution
		Debug|Any CPU = Debug|Any CPU
		Release|Any CPU = Release|Any CPU
	EndGlobalSection
	GlobalSection(ProjectConfigurationPlatforms) = postSolution
		{78FBFEB7-8F76-4D9C-A890-9F04B36B6DC1}.Debug|Any CPU.ActiveCfg = Debug|Any CPU
		{78FBFEB7-8F76-4D9C-A890-9F04B36B6DC1}.Debug|Any CPU.Build.0 = Debug|Any CPU
		{78FBFEB7-8F76-4D9C-A890-9F04B36B6DC1}.Release|Any CPU.ActiveCfg = Release|Any CPU
		{78FBFEB7-8F76-4D9C-A890-9F04B36B6DC1}.Release|Any CPU.Build.0 = Release|Any CPU
		{F1FF2D10-BF61-4070-AC7A-0EC04CBA123D}.Debug|Any CPU.ActiveCfg = Debug|Any CPU
		{F1FF2D10-BF61-4070-AC7A-0EC04CBA123D}.Debug|Any CPU.Build.0 = Debug|Any CPU
		{F1FF2D10-BF61-4070-AC7A-0EC04CBA123D}.Release|Any CPU.ActiveCfg = Release|Any CPU
		{F1FF2D10-BF61-4070-AC7A-0EC04CBA123D}.Release|Any CPU.Build.0 = Release|Any CPU
		{FFBF56F4-BA40-4878-9FF8-035B4C3230F9}.Debug|Any CPU.ActiveCfg = Debug|Any CPU
		{FFBF56F4-BA40-4878-9FF8-035B4C3230F9}.Debug|Any CPU.Build.0 = Debug|Any CPU
		{FFBF56F4-BA40-4878-9FF8-035B4C3230F9}.Release|Any CPU.ActiveCfg = Release|Any CPU
		{FFBF56F4-BA40-4878-9FF8-035B4C3230F9}.Release|Any CPU.Build.0 = Release|Any CPU
		{CA15DA84-C9F0-4281-B3CB-9C98EF05C4A6}.Debug|Any CPU.ActiveCfg = Debug|Any CPU
		{CA15DA84-C9F0-4281-B3CB-9C98EF05C4A6}.Debug|Any CPU.Build.0 = Debug|Any CPU
		{CA15DA84-C9F0-4281-B3CB-9C98EF05C4A6}.Release|Any CPU.ActiveCfg = Release|Any CPU
		{CA15DA84-C9F0-4281-B3CB-9C98EF05C4A6}.Release|Any CPU.Build.0 = Release|Any CPU
		{4502CD0D-24C4-456C-AB72-6479D2D35E16}.Debug|Any CPU.ActiveCfg = Debug|Any CPU
		{4502CD0D-24C4-456C-AB72-6479D2D35E16}.Debug|Any CPU.Build.0 = Debug|Any CPU
		{4502CD0D-24C4-456C-AB72-6479D2D35E16}.Release|Any CPU.ActiveCfg = Release|Any CPU
		{4502CD0D-24C4-456C-AB72-6479D2D35E16}.Release|Any CPU.Build.0 = Release|Any CPU
		{D25A7CB8-919B-404D-B16A-D2A6AB8ADF1F}.Debug|Any CPU.ActiveCfg = Debug|Any CPU
		{D25A7CB8-919B-404D-B16A-D2A6AB8ADF1F}.Debug|Any CPU.Build.0 = Debug|Any CPU
		{D25A7CB8-919B-404D-B16A-D2A6AB8ADF1F}.Release|Any CPU.ActiveCfg = Release|Any CPU
		{D25A7CB8-919B-404D-B16A-D2A6AB8ADF1F}.Release|Any CPU.Build.0 = Release|Any CPU
		{B68E005A-D8BA-452D-B7A0-F27BBBED60EE}.Debug|Any CPU.ActiveCfg = Debug|Any CPU
		{B68E005A-D8BA-452D-B7A0-F27BBBED60EE}.Debug|Any CPU.Build.0 = Debug|Any CPU
		{B68E005A-D8BA-452D-B7A0-F27BBBED60EE}.Release|Any CPU.ActiveCfg = Release|Any CPU
		{B68E005A-D8BA-452D-B7A0-F27BBBED60EE}.Release|Any CPU.Build.0 = Release|Any CPU
		{CF8D84D4-62F6-43D6-97D7-7626B672C542}.Debug|Any CPU.ActiveCfg = Debug|Any CPU
		{CF8D84D4-62F6-43D6-97D7-7626B672C542}.Debug|Any CPU.Build.0 = Debug|Any CPU
		{CF8D84D4-62F6-43D6-97D7-7626B672C542}.Release|Any CPU.ActiveCfg = Release|Any CPU
		{CF8D84D4-62F6-43D6-97D7-7626B672C542}.Release|Any CPU.Build.0 = Release|Any CPU
		{00ADE704-A50E-4370-BFE0-CC3D6A82C377}.Debug|Any CPU.ActiveCfg = Debug|Any CPU
		{00ADE704-A50E-4370-BFE0-CC3D6A82C377}.Debug|Any CPU.Build.0 = Debug|Any CPU
		{00ADE704-A50E-4370-BFE0-CC3D6A82C377}.Release|Any CPU.ActiveCfg = Release|Any CPU
		{00ADE704-A50E-4370-BFE0-CC3D6A82C377}.Release|Any CPU.Build.0 = Release|Any CPU
	EndGlobalSection
	GlobalSection(SolutionProperties) = preSolution
		HideSolutionNode = FALSE
	EndGlobalSection
EndGlobal
