
Microsoft Visual Studio Solution File, Format Version 12.00
# Visual Studio 14
VisualStudioVersion = 14.0.25420.1
MinimumVisualStudioVersion = 10.0.40219.1
Project("{FAE04EC0-301F-11D3-BF4B-00C04F79EFBC}") = "T05", "T05\T05.csproj", "{B1075C7F-671C-4C07-8AF2-ECD15744BDEA}"
EndProject
Project("{FAE04EC0-301F-11D3-BF4B-00C04F79EFBC}") = "T06", "T06\T06.csproj", "{A5EE6D5A-B9C1-45AD-A040-22110F24F5E3}"
EndProject
Project("{FAE04EC0-301F-11D3-BF4B-00C04F79EFBC}") = "T07", "T07\T07.csproj", "{EA73ADC0-2ACC-4EF9-9A41-39DB155529C0}"
EndProject
Project("{FAE04EC0-301F-11D3-BF4B-00C04F79EFBC}") = "T03", "T03\T03.csproj", "{F12FB169-8406-444B-871A-D35824081D0C}"
EndProject
Global
	GlobalSection(SolutionConfigurationPlatforms) = preSolution
		Debug|Any CPU = Debug|Any CPU
		Release|Any CPU = Release|Any CPU
	EndGlobalSection
	GlobalSection(ProjectConfigurationPlatforms) = postSolution
		{B1075C7F-671C-4C07-8AF2-ECD15744BDEA}.Debug|Any CPU.ActiveCfg = Debug|Any CPU
		{B1075C7F-671C-4C07-8AF2-ECD15744BDEA}.Debug|Any CPU.Build.0 = Debug|Any CPU
		{B1075C7F-671C-4C07-8AF2-ECD15744BDEA}.Release|Any CPU.ActiveCfg = Release|Any CPU
		{B1075C7F-671C-4C07-8AF2-ECD15744BDEA}.Release|Any CPU.Build.0 = Release|Any CPU
		{A5EE6D5A-B9C1-45AD-A040-22110F24F5E3}.Debug|Any CPU.ActiveCfg = Debug|Any CPU
		{A5EE6D5A-B9C1-45AD-A040-22110F24F5E3}.Debug|Any CPU.Build.0 = Debug|Any CPU
		{A5EE6D5A-B9C1-45AD-A040-22110F24F5E3}.Release|Any CPU.ActiveCfg = Release|Any CPU
		{A5EE6D5A-B9C1-45AD-A040-22110F24F5E3}.Release|Any CPU.Build.0 = Release|Any CPU
		{EA73ADC0-2ACC-4EF9-9A41-39DB155529C0}.Debug|Any CPU.ActiveCfg = Debug|Any CPU
		{EA73ADC0-2ACC-4EF9-9A41-39DB155529C0}.Debug|Any CPU.Build.0 = Debug|Any CPU
		{EA73ADC0-2ACC-4EF9-9A41-39DB155529C0}.Release|Any CPU.ActiveCfg = Release|Any CPU
		{EA73ADC0-2ACC-4EF9-9A41-39DB155529C0}.Release|Any CPU.Build.0 = Release|Any CPU
		{F12FB169-8406-444B-871A-D35824081D0C}.Debug|Any CPU.ActiveCfg = Debug|Any CPU
		{F12FB169-8406-444B-871A-D35824081D0C}.Debug|Any CPU.Build.0 = Debug|Any CPU
		{F12FB169-8406-444B-871A-D35824081D0C}.Release|Any CPU.ActiveCfg = Release|Any CPU
		{F12FB169-8406-444B-871A-D35824081D0C}.Release|Any CPU.Build.0 = Release|Any CPU
	EndGlobalSection
	GlobalSection(SolutionProperties) = preSolution
		HideSolutionNode = FALSE
	EndGlobalSection
EndGlobal
