
Microsoft Visual Studio Solution File, Format Version 12.00
# Visual Studio 14
VisualStudioVersion = 14.0.25420.1
MinimumVisualStudioVersion = 10.0.40219.1
Project("{FAE04EC0-301F-11D3-BF4B-00C04F79EFBC}") = "T01", "T01\T01.csproj", "{79B4216D-016F-4B03-B758-788A49564B26}"
EndProject
Project("{FAE04EC0-301F-11D3-BF4B-00C04F79EFBC}") = "T04", "T04\T04.csproj", "{A8D3D244-E366-40C4-ADFC-C9892B2D6F5A}"
EndProject
Project("{FAE04EC0-301F-11D3-BF4B-00C04F79EFBC}") = "T05", "T05\T05.csproj", "{A7C10A23-8168-467A-B48C-CEDFEC50A631}"
EndProject
Project("{FAE04EC0-301F-11D3-BF4B-00C04F79EFBC}") = "T03", "T03\T03.csproj", "{2778DE22-9130-475A-B291-DD715EA1BF69}"
EndProject
Project("{FAE04EC0-301F-11D3-BF4B-00C04F79EFBC}") = "T02", "T02\T02.csproj", "{2230B8EF-1FA8-41FD-8A00-EFFB963723BD}"
EndProject
Project("{FAE04EC0-301F-11D3-BF4B-00C04F79EFBC}") = "T06", "T06\T06.csproj", "{C5C39C7A-507E-436A-A598-B14927C10112}"
EndProject
Global
	GlobalSection(SolutionConfigurationPlatforms) = preSolution
		Debug|Any CPU = Debug|Any CPU
		Release|Any CPU = Release|Any CPU
	EndGlobalSection
	GlobalSection(ProjectConfigurationPlatforms) = postSolution
		{79B4216D-016F-4B03-B758-788A49564B26}.Debug|Any CPU.ActiveCfg = Debug|Any CPU
		{79B4216D-016F-4B03-B758-788A49564B26}.Debug|Any CPU.Build.0 = Debug|Any CPU
		{79B4216D-016F-4B03-B758-788A49564B26}.Release|Any CPU.ActiveCfg = Release|Any CPU
		{79B4216D-016F-4B03-B758-788A49564B26}.Release|Any CPU.Build.0 = Release|Any CPU
		{A8D3D244-E366-40C4-ADFC-C9892B2D6F5A}.Debug|Any CPU.ActiveCfg = Debug|Any CPU
		{A8D3D244-E366-40C4-ADFC-C9892B2D6F5A}.Debug|Any CPU.Build.0 = Debug|Any CPU
		{A8D3D244-E366-40C4-ADFC-C9892B2D6F5A}.Release|Any CPU.ActiveCfg = Release|Any CPU
		{A8D3D244-E366-40C4-ADFC-C9892B2D6F5A}.Release|Any CPU.Build.0 = Release|Any CPU
		{A7C10A23-8168-467A-B48C-CEDFEC50A631}.Debug|Any CPU.ActiveCfg = Debug|Any CPU
		{A7C10A23-8168-467A-B48C-CEDFEC50A631}.Debug|Any CPU.Build.0 = Debug|Any CPU
		{A7C10A23-8168-467A-B48C-CEDFEC50A631}.Release|Any CPU.ActiveCfg = Release|Any CPU
		{A7C10A23-8168-467A-B48C-CEDFEC50A631}.Release|Any CPU.Build.0 = Release|Any CPU
		{2778DE22-9130-475A-B291-DD715EA1BF69}.Debug|Any CPU.ActiveCfg = Debug|Any CPU
		{2778DE22-9130-475A-B291-DD715EA1BF69}.Debug|Any CPU.Build.0 = Debug|Any CPU
		{2778DE22-9130-475A-B291-DD715EA1BF69}.Release|Any CPU.ActiveCfg = Release|Any CPU
		{2778DE22-9130-475A-B291-DD715EA1BF69}.Release|Any CPU.Build.0 = Release|Any CPU
		{2230B8EF-1FA8-41FD-8A00-EFFB963723BD}.Debug|Any CPU.ActiveCfg = Debug|Any CPU
		{2230B8EF-1FA8-41FD-8A00-EFFB963723BD}.Debug|Any CPU.Build.0 = Debug|Any CPU
		{2230B8EF-1FA8-41FD-8A00-EFFB963723BD}.Release|Any CPU.ActiveCfg = Release|Any CPU
		{2230B8EF-1FA8-41FD-8A00-EFFB963723BD}.Release|Any CPU.Build.0 = Release|Any CPU
		{C5C39C7A-507E-436A-A598-B14927C10112}.Debug|Any CPU.ActiveCfg = Debug|Any CPU
		{C5C39C7A-507E-436A-A598-B14927C10112}.Debug|Any CPU.Build.0 = Debug|Any CPU
		{C5C39C7A-507E-436A-A598-B14927C10112}.Release|Any CPU.ActiveCfg = Release|Any CPU
		{C5C39C7A-507E-436A-A598-B14927C10112}.Release|Any CPU.Build.0 = Release|Any CPU
	EndGlobalSection
	GlobalSection(SolutionProperties) = preSolution
		HideSolutionNode = FALSE
	EndGlobalSection
EndGlobal
